Microsoft Visual Studio Solution File, Format Version 12.00
# Visual Studio Version 17
VisualStudioVersion = 17.5.2.0
MinimumVisualStudioVersion = 10.0.40219.1
Project("{FAE04EC0-301F-11D3-BF4B-00C04F79EFBC}") = "SnapLearnAPI", "SnapLearnAPI.csproj", "{5374E5F4-014B-BE45-1C51-71DEA0344810}"
EndProject
Global
	GlobalSection(SolutionConfigurationPlatforms) = preSolution
		Debug|Any CPU = Debug|Any CPU
		Release|Any CPU = Release|Any CPU
	EndGlobalSection
	GlobalSection(ProjectConfigurationPlatforms) = postSolution
		{5374E5F4-014B-BE45-1C51-71DEA0344810}.Debug|Any CPU.ActiveCfg = Debug|Any CPU
		{5374E5F4-014B-BE45-1C51-71DEA0344810}.Debug|Any CPU.Build.0 = Debug|Any CPU
		{5374E5F4-014B-BE45-1C51-71DEA0344810}.Release|Any CPU.ActiveCfg = Release|Any CPU
		{5374E5F4-014B-BE45-1C51-71DEA0344810}.Release|Any CPU.Build.0 = Release|Any CPU
	EndGlobalSection
	GlobalSection(SolutionProperties) = preSolution
		HideSolutionNode = FALSE
	EndGlobalSection
	GlobalSection(ExtensibilityGlobals) = postSolution
		SolutionGuid = {30EC12AC-53F7-48C4-8BDA-3EDC47E2F949}
	EndGlobalSection
EndGlobal
